
Microsoft Visual Studio Solution File, Format Version 12.00
# Visual Studio Version 16
VisualStudioVersion = 16.0.31402.337
MinimumVisualStudioVersion = 10.0.40219.1
Project("{FAE04EC0-301F-11D3-BF4B-00C04F79EFBC}") = "MTCG", "MTCG.csproj", "{EDAA292F-8A92-464F-AFC5-F87A118EF2E5}"
EndProject
Project("{FAE04EC0-301F-11D3-BF4B-00C04F79EFBC}") = "Testen", "..\Testen\Testen.csproj", "{DF6A9019-5C2E-4AA2-B08E-072DB711390E}"
EndProject
Global
	GlobalSection(SolutionConfigurationPlatforms) = preSolution
		Debug|Any CPU = Debug|Any CPU
		Release|Any CPU = Release|Any CPU
	EndGlobalSection
	GlobalSection(ProjectConfigurationPlatforms) = postSolution
		{EDAA292F-8A92-464F-AFC5-F87A118EF2E5}.Debug|Any CPU.ActiveCfg = Debug|Any CPU
		{EDAA292F-8A92-464F-AFC5-F87A118EF2E5}.Debug|Any CPU.Build.0 = Debug|Any CPU
		{EDAA292F-8A92-464F-AFC5-F87A118EF2E5}.Release|Any CPU.ActiveCfg = Release|Any CPU
		{EDAA292F-8A92-464F-AFC5-F87A118EF2E5}.Release|Any CPU.Build.0 = Release|Any CPU
		{DF6A9019-5C2E-4AA2-B08E-072DB711390E}.Debug|Any CPU.ActiveCfg = Debug|Any CPU
		{DF6A9019-5C2E-4AA2-B08E-072DB711390E}.Debug|Any CPU.Build.0 = Debug|Any CPU
		{DF6A9019-5C2E-4AA2-B08E-072DB711390E}.Release|Any CPU.ActiveCfg = Release|Any CPU
		{DF6A9019-5C2E-4AA2-B08E-072DB711390E}.Release|Any CPU.Build.0 = Release|Any CPU
	EndGlobalSection
	GlobalSection(SolutionProperties) = preSolution
		HideSolutionNode = FALSE
	EndGlobalSection
	GlobalSection(ExtensibilityGlobals) = postSolution
		SolutionGuid = {292E5989-F7E9-4793-9988-DE65AA2624E0}
	EndGlobalSection
EndGlobal
